
Microsoft Visual Studio Solution File, Format Version 12.00
# Visual Studio 15
VisualStudioVersion = 15.0.28307.645
MinimumVisualStudioVersion = 10.0.40219.1
Project("{8BC9CEB8-8B4A-11D0-8D11-00A0C91BC942}") = "Encryption", "Encryption\Encryption.vcxproj", "{14B2E1F8-D178-4632-9731-1437ACAD990B}"
EndProject
Global
	GlobalSection(SolutionConfigurationPlatforms) = preSolution
		Debug|x64 = Debug|x64
		Debug|x86 = Debug|x86
		Release|x64 = Release|x64
		Release|x86 = Release|x86
	EndGlobalSection
	GlobalSection(ProjectConfigurationPlatforms) = postSolution
		{14B2E1F8-D178-4632-9731-1437ACAD990B}.Debug|x64.ActiveCfg = Debug|x64
		{14B2E1F8-D178-4632-9731-1437ACAD990B}.Debug|x64.Build.0 = Debug|x64
		{14B2E1F8-D178-4632-9731-1437ACAD990B}.Debug|x86.ActiveCfg = Debug|Win32
		{14B2E1F8-D178-4632-9731-1437ACAD990B}.Debug|x86.Build.0 = Debug|Win32
		{14B2E1F8-D178-4632-9731-1437ACAD990B}.Release|x64.ActiveCfg = Release|x64
		{14B2E1F8-D178-4632-9731-1437ACAD990B}.Release|x64.Build.0 = Release|x64
		{14B2E1F8-D178-4632-9731-1437ACAD990B}.Release|x86.ActiveCfg = Release|Win32
		{14B2E1F8-D178-4632-9731-1437ACAD990B}.Release|x86.Build.0 = Release|Win32
	EndGlobalSection
	GlobalSection(SolutionProperties) = preSolution
		HideSolutionNode = FALSE
	EndGlobalSection
	GlobalSection(ExtensibilityGlobals) = postSolution
		SolutionGuid = {D1726A07-06F9-46F8-9740-912F3FC9153E}
	EndGlobalSection
EndGlobal
